
Microsoft Visual Studio Solution File, Format Version 12.00
# Visual Studio Version 17
VisualStudioVersion = 17.13.35913.81 d17.13
MinimumVisualStudioVersion = 10.0.40219.1
Project("{FAE04EC0-301F-11D3-BF4B-00C04F79EFBC}") = "CourseWork", "CourseWork\CourseWork.csproj", "{CA457E2A-0DCD-4988-BE76-4F9F2491DB48}"
EndProject
Global
	GlobalSection(SolutionConfigurationPlatforms) = preSolution
		Debug|Any CPU = Debug|Any CPU
		Release|Any CPU = Release|Any CPU
	EndGlobalSection
	GlobalSection(ProjectConfigurationPlatforms) = postSolution
		{CA457E2A-0DCD-4988-BE76-4F9F2491DB48}.Debug|Any CPU.ActiveCfg = Debug|Any CPU
		{CA457E2A-0DCD-4988-BE76-4F9F2491DB48}.Debug|Any CPU.Build.0 = Debug|Any CPU
		{CA457E2A-0DCD-4988-BE76-4F9F2491DB48}.Release|Any CPU.ActiveCfg = Release|Any CPU
		{CA457E2A-0DCD-4988-BE76-4F9F2491DB48}.Release|Any CPU.Build.0 = Release|Any CPU
	EndGlobalSection
	GlobalSection(SolutionProperties) = preSolution
		HideSolutionNode = FALSE
	EndGlobalSection
	GlobalSection(ExtensibilityGlobals) = postSolution
		SolutionGuid = {D952AEDD-5999-42CF-95F8-AFD482C78D73}
	EndGlobalSection
EndGlobal
